
Microsoft Visual Studio Solution File, Format Version 12.00
# Visual Studio Version 17
VisualStudioVersion = 17.1.32328.378
MinimumVisualStudioVersion = 10.0.40219.1
Project("{FAE04EC0-301F-11D3-BF4B-00C04F79EFBC}") = "POO", "POO\POO.csproj", "{2D2CBF3C-148B-452A-95CE-130838332733}"
EndProject
Global
	GlobalSection(SolutionConfigurationPlatforms) = preSolution
		Debug|Any CPU = Debug|Any CPU
		Release|Any CPU = Release|Any CPU
	EndGlobalSection
	GlobalSection(ProjectConfigurationPlatforms) = postSolution
		{2D2CBF3C-148B-452A-95CE-130838332733}.Debug|Any CPU.ActiveCfg = Debug|Any CPU
		{2D2CBF3C-148B-452A-95CE-130838332733}.Debug|Any CPU.Build.0 = Debug|Any CPU
		{2D2CBF3C-148B-452A-95CE-130838332733}.Release|Any CPU.ActiveCfg = Release|Any CPU
		{2D2CBF3C-148B-452A-95CE-130838332733}.Release|Any CPU.Build.0 = Release|Any CPU
	EndGlobalSection
	GlobalSection(SolutionProperties) = preSolution
		HideSolutionNode = FALSE
	EndGlobalSection
	GlobalSection(ExtensibilityGlobals) = postSolution
		SolutionGuid = {0F91E8F1-B34C-4A6F-A77B-BB3AF39313D9}
	EndGlobalSection
EndGlobal
